
Microsoft Visual Studio Solution File, Format Version 12.00
# Visual Studio Version 17
VisualStudioVersion = 17.9.34902.65
MinimumVisualStudioVersion = 10.0.40219.1
Project("{FAE04EC0-301F-11D3-BF4B-00C04F79EFBC}") = "Exception Handling Classes and Objects", "Exception Handling Classes and Objects\Exception Handling Classes and Objects.csproj", "{017C5139-1407-4716-B574-F689A4ECC1CC}"
EndProject
Global
	GlobalSection(SolutionConfigurationPlatforms) = preSolution
		Debug|Any CPU = Debug|Any CPU
		Release|Any CPU = Release|Any CPU
	EndGlobalSection
	GlobalSection(ProjectConfigurationPlatforms) = postSolution
		{017C5139-1407-4716-B574-F689A4ECC1CC}.Debug|Any CPU.ActiveCfg = Debug|Any CPU
		{017C5139-1407-4716-B574-F689A4ECC1CC}.Debug|Any CPU.Build.0 = Debug|Any CPU
		{017C5139-1407-4716-B574-F689A4ECC1CC}.Release|Any CPU.ActiveCfg = Release|Any CPU
		{017C5139-1407-4716-B574-F689A4ECC1CC}.Release|Any CPU.Build.0 = Release|Any CPU
	EndGlobalSection
	GlobalSection(SolutionProperties) = preSolution
		HideSolutionNode = FALSE
	EndGlobalSection
	GlobalSection(ExtensibilityGlobals) = postSolution
		SolutionGuid = {4D22D845-E6FD-4D3E-A639-7E3625D56FE4}
	EndGlobalSection
EndGlobal
