
Microsoft Visual Studio Solution File, Format Version 12.00
# Visual Studio Version 17
VisualStudioVersion = 17.9.34902.65
MinimumVisualStudioVersion = 10.0.40219.1
Project("{FAE04EC0-301F-11D3-BF4B-00C04F79EFBC}") = "myConsoleProject.cs", "myConsoleProject.cs\myConsoleProject.cs.csproj", "{D27B8BAC-56C0-4DD7-9EC3-C17A7BB99F85}"
EndProject
Global
	GlobalSection(SolutionConfigurationPlatforms) = preSolution
		Debug|Any CPU = Debug|Any CPU
		Release|Any CPU = Release|Any CPU
	EndGlobalSection
	GlobalSection(ProjectConfigurationPlatforms) = postSolution
		{D27B8BAC-56C0-4DD7-9EC3-C17A7BB99F85}.Debug|Any CPU.ActiveCfg = Debug|Any CPU
		{D27B8BAC-56C0-4DD7-9EC3-C17A7BB99F85}.Debug|Any CPU.Build.0 = Debug|Any CPU
		{D27B8BAC-56C0-4DD7-9EC3-C17A7BB99F85}.Release|Any CPU.ActiveCfg = Release|Any CPU
		{D27B8BAC-56C0-4DD7-9EC3-C17A7BB99F85}.Release|Any CPU.Build.0 = Release|Any CPU
	EndGlobalSection
	GlobalSection(SolutionProperties) = preSolution
		HideSolutionNode = FALSE
	EndGlobalSection
	GlobalSection(ExtensibilityGlobals) = postSolution
		SolutionGuid = {DBFFB24E-99EA-4AB0-B80A-9F3BD3300FCA}
	EndGlobalSection
EndGlobal
