
Microsoft Visual Studio Solution File, Format Version 12.00
# Visual Studio Version 17
VisualStudioVersion = 17.9.34902.65
MinimumVisualStudioVersion = 10.0.40219.1
Project("{FAE04EC0-301F-11D3-BF4B-00C04F79EFBC}") = "Class Method Assignment", "Class Method Assignment\Class Method Assignment.csproj", "{65DFF60B-9C2B-4C90-BA3D-4718BEDA3F6F}"
EndProject
Global
	GlobalSection(SolutionConfigurationPlatforms) = preSolution
		Debug|Any CPU = Debug|Any CPU
		Release|Any CPU = Release|Any CPU
	EndGlobalSection
	GlobalSection(ProjectConfigurationPlatforms) = postSolution
		{65DFF60B-9C2B-4C90-BA3D-4718BEDA3F6F}.Debug|Any CPU.ActiveCfg = Debug|Any CPU
		{65DFF60B-9C2B-4C90-BA3D-4718BEDA3F6F}.Debug|Any CPU.Build.0 = Debug|Any CPU
		{65DFF60B-9C2B-4C90-BA3D-4718BEDA3F6F}.Release|Any CPU.ActiveCfg = Release|Any CPU
		{65DFF60B-9C2B-4C90-BA3D-4718BEDA3F6F}.Release|Any CPU.Build.0 = Release|Any CPU
	EndGlobalSection
	GlobalSection(SolutionProperties) = preSolution
		HideSolutionNode = FALSE
	EndGlobalSection
	GlobalSection(ExtensibilityGlobals) = postSolution
		SolutionGuid = {F4FBE6AA-E3E3-4E41-82AF-B76EC0FBC53E}
	EndGlobalSection
EndGlobal
