
Microsoft Visual Studio Solution File, Format Version 12.00
# Visual Studio Version 17
VisualStudioVersion = 17.9.34902.65
MinimumVisualStudioVersion = 10.0.40219.1
Project("{FAE04EC0-301F-11D3-BF4B-00C04F79EFBC}") = "Method Assignment", "Method Assignment\Method Assignment.csproj", "{D4F06899-5583-4BCD-B6D7-F47EB2103EE5}"
EndProject
Global
	GlobalSection(SolutionConfigurationPlatforms) = preSolution
		Debug|Any CPU = Debug|Any CPU
		Release|Any CPU = Release|Any CPU
	EndGlobalSection
	GlobalSection(ProjectConfigurationPlatforms) = postSolution
		{D4F06899-5583-4BCD-B6D7-F47EB2103EE5}.Debug|Any CPU.ActiveCfg = Debug|Any CPU
		{D4F06899-5583-4BCD-B6D7-F47EB2103EE5}.Debug|Any CPU.Build.0 = Debug|Any CPU
		{D4F06899-5583-4BCD-B6D7-F47EB2103EE5}.Release|Any CPU.ActiveCfg = Release|Any CPU
		{D4F06899-5583-4BCD-B6D7-F47EB2103EE5}.Release|Any CPU.Build.0 = Release|Any CPU
	EndGlobalSection
	GlobalSection(SolutionProperties) = preSolution
		HideSolutionNode = FALSE
	EndGlobalSection
	GlobalSection(ExtensibilityGlobals) = postSolution
		SolutionGuid = {A5F7EE43-E089-4151-8635-46DF41E043B1}
	EndGlobalSection
EndGlobal
